
Microsoft Visual Studio Solution File, Format Version 12.00
# Visual Studio Version 16
VisualStudioVersion = 16.0.30309.148
MinimumVisualStudioVersion = 10.0.40219.1
Project("{9A19103F-16F7-4668-BE54-9A1E7A4F7556}") = "BookingsAPI", "BookingsAPI\BookingsAPI.csproj", "{DF1E5E74-2A6D-488F-B409-70621755216A}"
EndProject
Project("{9A19103F-16F7-4668-BE54-9A1E7A4F7556}") = "Services", "Services\Services.csproj", "{DAB9B5D3-4343-413E-B5A2-1C2A09CFDB44}"
EndProject
Project("{FAE04EC0-301F-11D3-BF4B-00C04F79EFBC}") = "BookingsAPI.Tests", "BookingsAPI.Tests\BookingsAPI.Tests.csproj", "{5A71B603-8BFC-4240-AA27-C0993CCB018B}"
EndProject
Global
	GlobalSection(SolutionConfigurationPlatforms) = preSolution
		Debug|Any CPU = Debug|Any CPU
		Release|Any CPU = Release|Any CPU
	EndGlobalSection
	GlobalSection(ProjectConfigurationPlatforms) = postSolution
		{DF1E5E74-2A6D-488F-B409-70621755216A}.Debug|Any CPU.ActiveCfg = Debug|Any CPU
		{DF1E5E74-2A6D-488F-B409-70621755216A}.Debug|Any CPU.Build.0 = Debug|Any CPU
		{DF1E5E74-2A6D-488F-B409-70621755216A}.Release|Any CPU.ActiveCfg = Release|Any CPU
		{DF1E5E74-2A6D-488F-B409-70621755216A}.Release|Any CPU.Build.0 = Release|Any CPU
		{DAB9B5D3-4343-413E-B5A2-1C2A09CFDB44}.Debug|Any CPU.ActiveCfg = Debug|Any CPU
		{DAB9B5D3-4343-413E-B5A2-1C2A09CFDB44}.Debug|Any CPU.Build.0 = Debug|Any CPU
		{DAB9B5D3-4343-413E-B5A2-1C2A09CFDB44}.Release|Any CPU.ActiveCfg = Release|Any CPU
		{DAB9B5D3-4343-413E-B5A2-1C2A09CFDB44}.Release|Any CPU.Build.0 = Release|Any CPU
		{5A71B603-8BFC-4240-AA27-C0993CCB018B}.Debug|Any CPU.ActiveCfg = Debug|Any CPU
		{5A71B603-8BFC-4240-AA27-C0993CCB018B}.Debug|Any CPU.Build.0 = Debug|Any CPU
		{5A71B603-8BFC-4240-AA27-C0993CCB018B}.Release|Any CPU.ActiveCfg = Release|Any CPU
		{5A71B603-8BFC-4240-AA27-C0993CCB018B}.Release|Any CPU.Build.0 = Release|Any CPU
	EndGlobalSection
	GlobalSection(SolutionProperties) = preSolution
		HideSolutionNode = FALSE
	EndGlobalSection
	GlobalSection(ExtensibilityGlobals) = postSolution
		SolutionGuid = {734613F6-EF7E-4FAC-97C0-D4EFF4E16DA7}
	EndGlobalSection
EndGlobal
